
Microsoft Visual Studio Solution File, Format Version 12.00
# Visual Studio Version 17
VisualStudioVersion = 17.7.34031.279
MinimumVisualStudioVersion = 10.0.40219.1
Project("{9A19103F-16F7-4668-BE54-9A1E7A4F7556}") = "OneLastkiss", "OneLastkiss.csproj", "{ECB7A149-A6EA-49AC-8416-74FC06178E46}"
EndProject
Global
	GlobalSection(SolutionConfigurationPlatforms) = preSolution
		Debug|Any CPU = Debug|Any CPU
		Release|Any CPU = Release|Any CPU
	EndGlobalSection
	GlobalSection(ProjectConfigurationPlatforms) = postSolution
		{ECB7A149-A6EA-49AC-8416-74FC06178E46}.Debug|Any CPU.ActiveCfg = Debug|Any CPU
		{ECB7A149-A6EA-49AC-8416-74FC06178E46}.Debug|Any CPU.Build.0 = Debug|Any CPU
		{ECB7A149-A6EA-49AC-8416-74FC06178E46}.Release|Any CPU.ActiveCfg = Release|Any CPU
		{ECB7A149-A6EA-49AC-8416-74FC06178E46}.Release|Any CPU.Build.0 = Release|Any CPU
	EndGlobalSection
	GlobalSection(SolutionProperties) = preSolution
		HideSolutionNode = FALSE
	EndGlobalSection
	GlobalSection(ExtensibilityGlobals) = postSolution
		SolutionGuid = {2BE1C667-0825-484A-95BD-CD10AAC67953}
	EndGlobalSection
EndGlobal
